
Microsoft Visual Studio Solution File, Format Version 12.00
# Visual Studio 15
VisualStudioVersion = 15.0.27130.2020
MinimumVisualStudioVersion = 10.0.40219.1
Project("{8BC9CEB8-8B4A-11D0-8D11-00A0C91BC942}") = "ImportScene", "ImportScene\ImportScene.vcxproj", "{107898EB-AE24-44FA-AC4F-05603E70B334}"
EndProject
Global
	GlobalSection(SolutionConfigurationPlatforms) = preSolution
		Debug (DLL)|x86 = Debug (DLL)|x86
		Release (DLL)|x86 = Release (DLL)|x86
	EndGlobalSection
	GlobalSection(ProjectConfigurationPlatforms) = postSolution
		{107898EB-AE24-44FA-AC4F-05603E70B334}.Debug (DLL)|x86.ActiveCfg = Debug (DLL)|Win32
		{107898EB-AE24-44FA-AC4F-05603E70B334}.Debug (DLL)|x86.Build.0 = Debug (DLL)|Win32
		{107898EB-AE24-44FA-AC4F-05603E70B334}.Release (DLL)|x86.ActiveCfg = Release (DLL)|Win32
		{107898EB-AE24-44FA-AC4F-05603E70B334}.Release (DLL)|x86.Build.0 = Release (DLL)|Win32
	EndGlobalSection
	GlobalSection(SolutionProperties) = preSolution
		HideSolutionNode = FALSE
	EndGlobalSection
	GlobalSection(ExtensibilityGlobals) = postSolution
		SolutionGuid = {80734A98-8ECA-4632-8547-421498DF9F29}
	EndGlobalSection
EndGlobal
